sources:
    - repo: https://github.com/manosriram-youtube/reddit_backend.git
      commit: db92089e8a25c9a9df2859e9928a3a855a9026e5
      branch: master
      lastupdated: 2023-02-23T21:58:33.293119+05:30
    - repo: https://github.com/protocolbuffers/protobuf.git
      commit: 684a3dedf66d3c0979e1a99b4880d228e6569b51
      branch: main
      lastupdated: 2023-02-23T21:58:34.307484+05:30
